
Microsoft Visual Studio Solution File, Format Version 12.00
# Visual Studio Version 16
VisualStudioVersion = 16.0.31515.178
MinimumVisualStudioVersion = 10.0.40219.1
Project("{FAE04EC0-301F-11D3-BF4B-00C04F79EFBC}") = "TicTacToe", "TicTacToe.csproj", "{176BB6A6-F9E7-4C35-8A3D-5C2ED6CF8C8A}"
EndProject
Global
	GlobalSection(SolutionConfigurationPlatforms) = preSolution
		Debug|Any CPU = Debug|Any CPU
		Release|Any CPU = Release|Any CPU
	EndGlobalSection
	GlobalSection(ProjectConfigurationPlatforms) = postSolution
		{176BB6A6-F9E7-4C35-8A3D-5C2ED6CF8C8A}.Debug|Any CPU.ActiveCfg = Debug|Any CPU
		{176BB6A6-F9E7-4C35-8A3D-5C2ED6CF8C8A}.Debug|Any CPU.Build.0 = Debug|Any CPU
		{176BB6A6-F9E7-4C35-8A3D-5C2ED6CF8C8A}.Release|Any CPU.ActiveCfg = Release|Any CPU
		{176BB6A6-F9E7-4C35-8A3D-5C2ED6CF8C8A}.Release|Any CPU.Build.0 = Release|Any CPU
	EndGlobalSection
	GlobalSection(SolutionProperties) = preSolution
		HideSolutionNode = FALSE
	EndGlobalSection
	GlobalSection(ExtensibilityGlobals) = postSolution
		SolutionGuid = {0B87FBC0-2EF0-456E-AE69-B3FB3B55C4AF}
	EndGlobalSection
EndGlobal
